
Microsoft Visual Studio Solution File, Format Version 12.00
# Visual Studio Version 17
VisualStudioVersion = 17.8.34322.80
MinimumVisualStudioVersion = 10.0.40219.1
Project("{FAE04EC0-301F-11D3-BF4B-00C04F79EFBC}") = "ConsoleLog", "ConsoleLog\ConsoleLog.csproj", "{38ABD57B-8FAA-4DD2-A4C5-5AE4451C1334}"
EndProject
Global
	GlobalSection(SolutionConfigurationPlatforms) = preSolution
		Debug|Any CPU = Debug|Any CPU
		Release|Any CPU = Release|Any CPU
	EndGlobalSection
	GlobalSection(ProjectConfigurationPlatforms) = postSolution
		{38ABD57B-8FAA-4DD2-A4C5-5AE4451C1334}.Debug|Any CPU.ActiveCfg = Debug|Any CPU
		{38ABD57B-8FAA-4DD2-A4C5-5AE4451C1334}.Debug|Any CPU.Build.0 = Debug|Any CPU
		{38ABD57B-8FAA-4DD2-A4C5-5AE4451C1334}.Release|Any CPU.ActiveCfg = Release|Any CPU
		{38ABD57B-8FAA-4DD2-A4C5-5AE4451C1334}.Release|Any CPU.Build.0 = Release|Any CPU
	EndGlobalSection
	GlobalSection(SolutionProperties) = preSolution
		HideSolutionNode = FALSE
	EndGlobalSection
	GlobalSection(ExtensibilityGlobals) = postSolution
		SolutionGuid = {6167613F-DCD5-445D-82F3-3C466FF3FD3F}
	EndGlobalSection
EndGlobal
